
Microsoft Visual Studio Solution File, Format Version 12.00
# Visual Studio Version 16
VisualStudioVersion = 16.0.30320.27
MinimumVisualStudioVersion = 10.0.40219.1
Project("{FAE04EC0-301F-11D3-BF4B-00C04F79EFBC}") = "callpythonfromcs", "callpythonfromcs\callpythonfromcs.csproj", "{18C78939-7B92-40DC-80A1-9CE7582FEC73}"
EndProject
Global
	GlobalSection(SolutionConfigurationPlatforms) = preSolution
		Debug|Any CPU = Debug|Any CPU
		Release|Any CPU = Release|Any CPU
	EndGlobalSection
	GlobalSection(ProjectConfigurationPlatforms) = postSolution
		{18C78939-7B92-40DC-80A1-9CE7582FEC73}.Debug|Any CPU.ActiveCfg = Debug|Any CPU
		{18C78939-7B92-40DC-80A1-9CE7582FEC73}.Debug|Any CPU.Build.0 = Debug|Any CPU
		{18C78939-7B92-40DC-80A1-9CE7582FEC73}.Release|Any CPU.ActiveCfg = Release|Any CPU
		{18C78939-7B92-40DC-80A1-9CE7582FEC73}.Release|Any CPU.Build.0 = Release|Any CPU
	EndGlobalSection
	GlobalSection(SolutionProperties) = preSolution
		HideSolutionNode = FALSE
	EndGlobalSection
	GlobalSection(ExtensibilityGlobals) = postSolution
		SolutionGuid = {C2271872-601E-4F91-840D-912214544827}
	EndGlobalSection
EndGlobal
